
Microsoft Visual Studio Solution File, Format Version 12.00
# Visual Studio Version 17
VisualStudioVersion = 17.0.31903.59
MinimumVisualStudioVersion = 10.0.40219.1
Project("{2150E333-8FDC-42A3-9474-1A3956D46DE8}") = "src", "src", "{827E0CD3-B72D-47B6-A68D-7590B98EB39B}"
EndProject
Project("{FAE04EC0-301F-11D3-BF4B-00C04F79EFBC}") = "CPM.WorkflowAnalyzerRules", "src\CPM.WorkflowAnalyzerRules\CPM.WorkflowAnalyzerRules.csproj", "{04790773-6524-4B4F-AB57-46E696D654FB}"
EndProject
Project("{FAE04EC0-301F-11D3-BF4B-00C04F79EFBC}") = "CPRIMA.WorkflowAnalyzerRules", "src\CPRIMA.WorkflowAnalyzerRules\CPRIMA.WorkflowAnalyzerRules.csproj", "{1FDAEACA-57EA-402F-BDA5-3C30C3411F95}"
EndProject
Project("{FAE04EC0-301F-11D3-BF4B-00C04F79EFBC}") = "HelloWorld.WorkflowAnalyzerRules", "src\HelloWorld.WorkflowAnalyzerRules\HelloWorld.WorkflowAnalyzerRules.csproj", "{68F03189-B08C-453F-87D2-FB44C9C0FA03}"
EndProject
Project("{FAE04EC0-301F-11D3-BF4B-00C04F79EFBC}") = "Cpmf.WorkflowAnalyzerRules", "src\Cpmf.WorkflowAnalyzerRules\Cpmf.WorkflowAnalyzerRules.csproj", "{6BBA36C2-F352-4B35-B7D2-FD783E230F5D}"
EndProject
Project("{2150E333-8FDC-42A3-9474-1A3956D46DE8}") = "tests", "tests", "{0AB3BF05-4346-4AA6-1389-037BE0695223}"
EndProject
Project("{FAE04EC0-301F-11D3-BF4B-00C04F79EFBC}") = "CPM.WorkflowAnalyzerRules.Tests", "tests\CPM.WorkflowAnalyzerRules.Tests\CPM.WorkflowAnalyzerRules.Tests.csproj", "{EF29ABD7-13B7-4D4C-BEC7-355EA8E0625B}"
EndProject
Project("{FAE04EC0-301F-11D3-BF4B-00C04F79EFBC}") = "CPRIMA.WorkflowAnalyzerRules.Tests", "tests\CPRIMA.WorkflowAnalyzerRules.Tests\CPRIMA.WorkflowAnalyzerRules.Tests.csproj", "{90D593CB-309D-4974-9D2D-2E0AF6016B96}"
EndProject
Project("{FAE04EC0-301F-11D3-BF4B-00C04F79EFBC}") = "HelloWorld.WorkflowAnalyzerRules.Tests", "tests\HelloWorld.WorkflowAnalyzerRules.Tests\HelloWorld.WorkflowAnalyzerRules.Tests.csproj", "{0E370861-1ECD-41BB-9C3E-312BB9CD9F7F}"
EndProject
Project("{FAE04EC0-301F-11D3-BF4B-00C04F79EFBC}") = "Cpmf.WorkflowAnalyzerRules.Tests", "tests\Cpmf.WorkflowAnalyzerRules.Tests\Cpmf.WorkflowAnalyzerRules.Tests.csproj", "{DF038EC0-1103-421F-B3CA-1420E0D0C31C}"
EndProject
Global
	GlobalSection(SolutionConfigurationPlatforms) = preSolution
		Debug|Any CPU = Debug|Any CPU
		Debug|x64 = Debug|x64
		Debug|x86 = Debug|x86
		Release|Any CPU = Release|Any CPU
		Release|x64 = Release|x64
		Release|x86 = Release|x86
	EndGlobalSection
	GlobalSection(ProjectConfigurationPlatforms) = postSolution
		{04790773-6524-4B4F-AB57-46E696D654FB}.Debug|Any CPU.ActiveCfg = Debug|Any CPU
		{04790773-6524-4B4F-AB57-46E696D654FB}.Debug|Any CPU.Build.0 = Debug|Any CPU
		{04790773-6524-4B4F-AB57-46E696D654FB}.Debug|x64.ActiveCfg = Debug|Any CPU
		{04790773-6524-4B4F-AB57-46E696D654FB}.Debug|x64.Build.0 = Debug|Any CPU
		{04790773-6524-4B4F-AB57-46E696D654FB}.Debug|x86.ActiveCfg = Debug|Any CPU
		{04790773-6524-4B4F-AB57-46E696D654FB}.Debug|x86.Build.0 = Debug|Any CPU
		{04790773-6524-4B4F-AB57-46E696D654FB}.Release|Any CPU.ActiveCfg = Release|Any CPU
		{04790773-6524-4B4F-AB57-46E696D654FB}.Release|Any CPU.Build.0 = Release|Any CPU
		{04790773-6524-4B4F-AB57-46E696D654FB}.Release|x64.ActiveCfg = Release|Any CPU
		{04790773-6524-4B4F-AB57-46E696D654FB}.Release|x64.Build.0 = Release|Any CPU
		{04790773-6524-4B4F-AB57-46E696D654FB}.Release|x86.ActiveCfg = Release|Any CPU
		{04790773-6524-4B4F-AB57-46E696D654FB}.Release|x86.Build.0 = Release|Any CPU
		{1FDAEACA-57EA-402F-BDA5-3C30C3411F95}.Debug|Any CPU.ActiveCfg = Debug|Any CPU
		{1FDAEACA-57EA-402F-BDA5-3C30C3411F95}.Debug|Any CPU.Build.0 = Debug|Any CPU
		{1FDAEACA-57EA-402F-BDA5-3C30C3411F95}.Debug|x64.ActiveCfg = Debug|Any CPU
		{1FDAEACA-57EA-402F-BDA5-3C30C3411F95}.Debug|x64.Build.0 = Debug|Any CPU
		{1FDAEACA-57EA-402F-BDA5-3C30C3411F95}.Debug|x86.ActiveCfg = Debug|Any CPU
		{1FDAEACA-57EA-402F-BDA5-3C30C3411F95}.Debug|x86.Build.0 = Debug|Any CPU
		{1FDAEACA-57EA-402F-BDA5-3C30C3411F95}.Release|Any CPU.ActiveCfg = Release|Any CPU
		{1FDAEACA-57EA-402F-BDA5-3C30C3411F95}.Release|Any CPU.Build.0 = Release|Any CPU
		{1FDAEACA-57EA-402F-BDA5-3C30C3411F95}.Release|x64.ActiveCfg = Release|Any CPU
		{1FDAEACA-57EA-402F-BDA5-3C30C3411F95}.Release|x64.Build.0 = Release|Any CPU
		{1FDAEACA-57EA-402F-BDA5-3C30C3411F95}.Release|x86.ActiveCfg = Release|Any CPU
		{1FDAEACA-57EA-402F-BDA5-3C30C3411F95}.Release|x86.Build.0 = Release|Any CPU
		{68F03189-B08C-453F-87D2-FB44C9C0FA03}.Debug|Any CPU.ActiveCfg = Debug|Any CPU
		{68F03189-B08C-453F-87D2-FB44C9C0FA03}.Debug|Any CPU.Build.0 = Debug|Any CPU
		{68F03189-B08C-453F-87D2-FB44C9C0FA03}.Debug|x64.ActiveCfg = Debug|Any CPU
		{68F03189-B08C-453F-87D2-FB44C9C0FA03}.Debug|x64.Build.0 = Debug|Any CPU
		{68F03189-B08C-453F-87D2-FB44C9C0FA03}.Debug|x86.ActiveCfg = Debug|Any CPU
		{68F03189-B08C-453F-87D2-FB44C9C0FA03}.Debug|x86.Build.0 = Debug|Any CPU
		{68F03189-B08C-453F-87D2-FB44C9C0FA03}.Release|Any CPU.ActiveCfg = Release|Any CPU
		{68F03189-B08C-453F-87D2-FB44C9C0FA03}.Release|Any CPU.Build.0 = Release|Any CPU
		{68F03189-B08C-453F-87D2-FB44C9C0FA03}.Release|x64.ActiveCfg = Release|Any CPU
		{68F03189-B08C-453F-87D2-FB44C9C0FA03}.Release|x64.Build.0 = Release|Any CPU
		{68F03189-B08C-453F-87D2-FB44C9C0FA03}.Release|x86.ActiveCfg = Release|Any CPU
		{68F03189-B08C-453F-87D2-FB44C9C0FA03}.Release|x86.Build.0 = Release|Any CPU
		{EF29ABD7-13B7-4D4C-BEC7-355EA8E0625B}.Debug|Any CPU.ActiveCfg = Debug|Any CPU
		{EF29ABD7-13B7-4D4C-BEC7-355EA8E0625B}.Debug|Any CPU.Build.0 = Debug|Any CPU
		{EF29ABD7-13B7-4D4C-BEC7-355EA8E0625B}.Debug|x64.ActiveCfg = Debug|Any CPU
		{EF29ABD7-13B7-4D4C-BEC7-355EA8E0625B}.Debug|x64.Build.0 = Debug|Any CPU
		{EF29ABD7-13B7-4D4C-BEC7-355EA8E0625B}.Debug|x86.ActiveCfg = Debug|Any CPU
		{EF29ABD7-13B7-4D4C-BEC7-355EA8E0625B}.Debug|x86.Build.0 = Debug|Any CPU
		{EF29ABD7-13B7-4D4C-BEC7-355EA8E0625B}.Release|Any CPU.ActiveCfg = Release|Any CPU
		{EF29ABD7-13B7-4D4C-BEC7-355EA8E0625B}.Release|Any CPU.Build.0 = Release|Any CPU
		{EF29ABD7-13B7-4D4C-BEC7-355EA8E0625B}.Release|x64.ActiveCfg = Release|Any CPU
		{EF29ABD7-13B7-4D4C-BEC7-355EA8E0625B}.Release|x64.Build.0 = Release|Any CPU
		{EF29ABD7-13B7-4D4C-BEC7-355EA8E0625B}.Release|x86.ActiveCfg = Release|Any CPU
		{EF29ABD7-13B7-4D4C-BEC7-355EA8E0625B}.Release|x86.Build.0 = Release|Any CPU
		{90D593CB-309D-4974-9D2D-2E0AF6016B96}.Debug|Any CPU.ActiveCfg = Debug|Any CPU
		{90D593CB-309D-4974-9D2D-2E0AF6016B96}.Debug|Any CPU.Build.0 = Debug|Any CPU
		{90D593CB-309D-4974-9D2D-2E0AF6016B96}.Debug|x64.ActiveCfg = Debug|Any CPU
		{90D593CB-309D-4974-9D2D-2E0AF6016B96}.Debug|x64.Build.0 = Debug|Any CPU
		{90D593CB-309D-4974-9D2D-2E0AF6016B96}.Debug|x86.ActiveCfg = Debug|Any CPU
		{90D593CB-309D-4974-9D2D-2E0AF6016B96}.Debug|x86.Build.0 = Debug|Any CPU
		{90D593CB-309D-4974-9D2D-2E0AF6016B96}.Release|Any CPU.ActiveCfg = Release|Any CPU
		{90D593CB-309D-4974-9D2D-2E0AF6016B96}.Release|Any CPU.Build.0 = Release|Any CPU
		{90D593CB-309D-4974-9D2D-2E0AF6016B96}.Release|x64.ActiveCfg = Release|Any CPU
		{90D593CB-309D-4974-9D2D-2E0AF6016B96}.Release|x64.Build.0 = Release|Any CPU
		{90D593CB-309D-4974-9D2D-2E0AF6016B96}.Release|x86.ActiveCfg = Release|Any CPU
		{90D593CB-309D-4974-9D2D-2E0AF6016B96}.Release|x86.Build.0 = Release|Any CPU
		{0E370861-1ECD-41BB-9C3E-312BB9CD9F7F}.Debug|Any CPU.ActiveCfg = Debug|Any CPU
		{0E370861-1ECD-41BB-9C3E-312BB9CD9F7F}.Debug|Any CPU.Build.0 = Debug|Any CPU
		{0E370861-1ECD-41BB-9C3E-312BB9CD9F7F}.Debug|x64.ActiveCfg = Debug|Any CPU
		{0E370861-1ECD-41BB-9C3E-312BB9CD9F7F}.Debug|x64.Build.0 = Debug|Any CPU
		{0E370861-1ECD-41BB-9C3E-312BB9CD9F7F}.Debug|x86.ActiveCfg = Debug|Any CPU
		{0E370861-1ECD-41BB-9C3E-312BB9CD9F7F}.Debug|x86.Build.0 = Debug|Any CPU
		{0E370861-1ECD-41BB-9C3E-312BB9CD9F7F}.Release|Any CPU.ActiveCfg = Release|Any CPU
		{0E370861-1ECD-41BB-9C3E-312BB9CD9F7F}.Release|Any CPU.Build.0 = Release|Any CPU
		{0E370861-1ECD-41BB-9C3E-312BB9CD9F7F}.Release|x64.ActiveCfg = Release|Any CPU
		{0E370861-1ECD-41BB-9C3E-312BB9CD9F7F}.Release|x64.Build.0 = Release|Any CPU
		{0E370861-1ECD-41BB-9C3E-312BB9CD9F7F}.Release|x86.ActiveCfg = Release|Any CPU
		{0E370861-1ECD-41BB-9C3E-312BB9CD9F7F}.Release|x86.Build.0 = Release|Any CPU
			{6BBA36C2-F352-4B35-B7D2-FD783E230F5D}.Debug|Any CPU.ActiveCfg = Debug|Any CPU
			{6BBA36C2-F352-4B35-B7D2-FD783E230F5D}.Debug|Any CPU.Build.0 = Debug|Any CPU
			{6BBA36C2-F352-4B35-B7D2-FD783E230F5D}.Debug|x64.ActiveCfg = Debug|Any CPU
			{6BBA36C2-F352-4B35-B7D2-FD783E230F5D}.Debug|x64.Build.0 = Debug|Any CPU
			{6BBA36C2-F352-4B35-B7D2-FD783E230F5D}.Debug|x86.ActiveCfg = Debug|Any CPU
			{6BBA36C2-F352-4B35-B7D2-FD783E230F5D}.Debug|x86.Build.0 = Debug|Any CPU
			{6BBA36C2-F352-4B35-B7D2-FD783E230F5D}.Release|Any CPU.ActiveCfg = Release|Any CPU
			{6BBA36C2-F352-4B35-B7D2-FD783E230F5D}.Release|Any CPU.Build.0 = Release|Any CPU
			{6BBA36C2-F352-4B35-B7D2-FD783E230F5D}.Release|x64.ActiveCfg = Release|Any CPU
			{6BBA36C2-F352-4B35-B7D2-FD783E230F5D}.Release|x64.Build.0 = Release|Any CPU
			{6BBA36C2-F352-4B35-B7D2-FD783E230F5D}.Release|x86.ActiveCfg = Release|Any CPU
			{6BBA36C2-F352-4B35-B7D2-FD783E230F5D}.Release|x86.Build.0 = Release|Any CPU
			{DF038EC0-1103-421F-B3CA-1420E0D0C31C}.Debug|Any CPU.ActiveCfg = Debug|Any CPU
			{DF038EC0-1103-421F-B3CA-1420E0D0C31C}.Debug|Any CPU.Build.0 = Debug|Any CPU
			{DF038EC0-1103-421F-B3CA-1420E0D0C31C}.Debug|x64.ActiveCfg = Debug|Any CPU
			{DF038EC0-1103-421F-B3CA-1420E0D0C31C}.Debug|x64.Build.0 = Debug|Any CPU
			{DF038EC0-1103-421F-B3CA-1420E0D0C31C}.Debug|x86.ActiveCfg = Debug|Any CPU
			{DF038EC0-1103-421F-B3CA-1420E0D0C31C}.Debug|x86.Build.0 = Debug|Any CPU
			{DF038EC0-1103-421F-B3CA-1420E0D0C31C}.Release|Any CPU.ActiveCfg = Release|Any CPU
			{DF038EC0-1103-421F-B3CA-1420E0D0C31C}.Release|Any CPU.Build.0 = Release|Any CPU
			{DF038EC0-1103-421F-B3CA-1420E0D0C31C}.Release|x64.ActiveCfg = Release|Any CPU
			{DF038EC0-1103-421F-B3CA-1420E0D0C31C}.Release|x64.Build.0 = Release|Any CPU
			{DF038EC0-1103-421F-B3CA-1420E0D0C31C}.Release|x86.ActiveCfg = Release|Any CPU
			{DF038EC0-1103-421F-B3CA-1420E0D0C31C}.Release|x86.Build.0 = Release|Any CPU
			{6BBA36C2-F352-4B35-B7D2-FD783E230F5D} = {827E0CD3-B72D-47B6-A68D-7590B98EB39B}
			{DF038EC0-1103-421F-B3CA-1420E0D0C31C} = {0AB3BF05-4346-4AA6-1389-037BE0695223}
	EndGlobalSection
	GlobalSection(SolutionProperties) = preSolution
		HideSolutionNode = FALSE
	EndGlobalSection
	GlobalSection(NestedProjects) = preSolution
		{04790773-6524-4B4F-AB57-46E696D654FB} = {827E0CD3-B72D-47B6-A68D-7590B98EB39B}
		{1FDAEACA-57EA-402F-BDA5-3C30C3411F95} = {827E0CD3-B72D-47B6-A68D-7590B98EB39B}
		{68F03189-B08C-453F-87D2-FB44C9C0FA03} = {827E0CD3-B72D-47B6-A68D-7590B98EB39B}
		{EF29ABD7-13B7-4D4C-BEC7-355EA8E0625B} = {0AB3BF05-4346-4AA6-1389-037BE0695223}
		{90D593CB-309D-4974-9D2D-2E0AF6016B96} = {0AB3BF05-4346-4AA6-1389-037BE0695223}
		{0E370861-1ECD-41BB-9C3E-312BB9CD9F7F} = {0AB3BF05-4346-4AA6-1389-037BE0695223}
				{6BBA36C2-F352-4B35-B7D2-FD783E230F5D} = {827E0CD3-B72D-47B6-A68D-7590B98EB39B}
				{DF038EC0-1103-421F-B3CA-1420E0D0C31C} = {0AB3BF05-4346-4AA6-1389-037BE0695223}
	EndGlobalSection
EndGlobal